
Microsoft Visual Studio Solution File, Format Version 12.00
# Visual Studio Version 17
VisualStudioVersion = 17.10.34607.79
MinimumVisualStudioVersion = 10.0.40219.1
Project("{FAE04EC0-301F-11D3-BF4B-00C04F79EFBC}") = "RabbitMQTutorials.Consumer", "RabbitMQTutorials.Consumer\RabbitMQTutorials.Consumer.csproj", "{1C27EF5C-D65C-4643-A4F9-A2D96AD22BFC}"
EndProject
Project("{FAE04EC0-301F-11D3-BF4B-00C04F79EFBC}") = "RabbitMQTutorials.Producer", "RabbitMQTutorials.Producer\RabbitMQTutorials.Producer.csproj", "{4EB77961-58EA-4FB6-B8A3-765880FFD4AA}"
EndProject
Project("{FAE04EC0-301F-11D3-BF4B-00C04F79EFBC}") = "RabbitMQTutorials.Models", "RabbitMQTutorials.Models\RabbitMQTutorials.Models.csproj", "{03334A4B-DF30-43D1-8C6B-3AC6D235335E}"
EndProject
Global
	GlobalSection(SolutionConfigurationPlatforms) = preSolution
		Debug|Any CPU = Debug|Any CPU
		Release|Any CPU = Release|Any CPU
	EndGlobalSection
	GlobalSection(ProjectConfigurationPlatforms) = postSolution
		{1C27EF5C-D65C-4643-A4F9-A2D96AD22BFC}.Debug|Any CPU.ActiveCfg = Debug|Any CPU
		{1C27EF5C-D65C-4643-A4F9-A2D96AD22BFC}.Debug|Any CPU.Build.0 = Debug|Any CPU
		{1C27EF5C-D65C-4643-A4F9-A2D96AD22BFC}.Release|Any CPU.ActiveCfg = Release|Any CPU
		{1C27EF5C-D65C-4643-A4F9-A2D96AD22BFC}.Release|Any CPU.Build.0 = Release|Any CPU
		{4EB77961-58EA-4FB6-B8A3-765880FFD4AA}.Debug|Any CPU.ActiveCfg = Debug|Any CPU
		{4EB77961-58EA-4FB6-B8A3-765880FFD4AA}.Debug|Any CPU.Build.0 = Debug|Any CPU
		{4EB77961-58EA-4FB6-B8A3-765880FFD4AA}.Release|Any CPU.ActiveCfg = Release|Any CPU
		{4EB77961-58EA-4FB6-B8A3-765880FFD4AA}.Release|Any CPU.Build.0 = Release|Any CPU
		{03334A4B-DF30-43D1-8C6B-3AC6D235335E}.Debug|Any CPU.ActiveCfg = Debug|Any CPU
		{03334A4B-DF30-43D1-8C6B-3AC6D235335E}.Debug|Any CPU.Build.0 = Debug|Any CPU
		{03334A4B-DF30-43D1-8C6B-3AC6D235335E}.Release|Any CPU.ActiveCfg = Release|Any CPU
		{03334A4B-DF30-43D1-8C6B-3AC6D235335E}.Release|Any CPU.Build.0 = Release|Any CPU
	EndGlobalSection
	GlobalSection(SolutionProperties) = preSolution
		HideSolutionNode = FALSE
	EndGlobalSection
	GlobalSection(ExtensibilityGlobals) = postSolution
		SolutionGuid = {5AE7CAFD-963B-49A8-ADBC-7A616927618C}
	EndGlobalSection
EndGlobal
