
Microsoft Visual Studio Solution File, Format Version 12.00
# Visual Studio Version 16
VisualStudioVersion = 16.0.30503.244
MinimumVisualStudioVersion = 10.0.40219.1
Project("{FAE04EC0-301F-11D3-BF4B-00C04F79EFBC}") = "ClinicalPrj", "ClinicalPrj\ClinicalPrj.csproj", "{105A2289-0213-4534-B63D-99F0393E9EF0}"
EndProject
Project("{FAE04EC0-301F-11D3-BF4B-00C04F79EFBC}") = "ClinicalModel", "ClinicalModel\ClinicalModel.csproj", "{23AC7184-3406-46DF-A530-D5CC69749E73}"
EndProject
Global
	GlobalSection(SolutionConfigurationPlatforms) = preSolution
		Debug|Any CPU = Debug|Any CPU
		Release|Any CPU = Release|Any CPU
	EndGlobalSection
	GlobalSection(ProjectConfigurationPlatforms) = postSolution
		{105A2289-0213-4534-B63D-99F0393E9EF0}.Debug|Any CPU.ActiveCfg = Debug|Any CPU
		{105A2289-0213-4534-B63D-99F0393E9EF0}.Debug|Any CPU.Build.0 = Debug|Any CPU
		{105A2289-0213-4534-B63D-99F0393E9EF0}.Release|Any CPU.ActiveCfg = Release|Any CPU
		{105A2289-0213-4534-B63D-99F0393E9EF0}.Release|Any CPU.Build.0 = Release|Any CPU
		{23AC7184-3406-46DF-A530-D5CC69749E73}.Debug|Any CPU.ActiveCfg = Debug|Any CPU
		{23AC7184-3406-46DF-A530-D5CC69749E73}.Debug|Any CPU.Build.0 = Debug|Any CPU
		{23AC7184-3406-46DF-A530-D5CC69749E73}.Release|Any CPU.ActiveCfg = Release|Any CPU
		{23AC7184-3406-46DF-A530-D5CC69749E73}.Release|Any CPU.Build.0 = Release|Any CPU
	EndGlobalSection
	GlobalSection(SolutionProperties) = preSolution
		HideSolutionNode = FALSE
	EndGlobalSection
	GlobalSection(ExtensibilityGlobals) = postSolution
		SolutionGuid = {6F07E24B-6456-4979-AC5A-D9CE730493FE}
	EndGlobalSection
EndGlobal
