
Microsoft Visual Studio Solution File, Format Version 12.00
# Visual Studio Version 17
VisualStudioVersion = 17.11.34909.67
MinimumVisualStudioVersion = 10.0.40219.1
Project("{FAE04EC0-301F-11D3-BF4B-00C04F79EFBC}") = "EventSourcingTutorials.App", "EventSourcingTutorials.App\EventSourcingTutorials.App.csproj", "{A6C92277-3333-4C59-AED4-92F32855527E}"
EndProject
Global
	GlobalSection(SolutionConfigurationPlatforms) = preSolution
		Debug|Any CPU = Debug|Any CPU
		Release|Any CPU = Release|Any CPU
	EndGlobalSection
	GlobalSection(ProjectConfigurationPlatforms) = postSolution
		{A6C92277-3333-4C59-AED4-92F32855527E}.Debug|Any CPU.ActiveCfg = Debug|Any CPU
		{A6C92277-3333-4C59-AED4-92F32855527E}.Debug|Any CPU.Build.0 = Debug|Any CPU
		{A6C92277-3333-4C59-AED4-92F32855527E}.Release|Any CPU.ActiveCfg = Release|Any CPU
		{A6C92277-3333-4C59-AED4-92F32855527E}.Release|Any CPU.Build.0 = Release|Any CPU
	EndGlobalSection
	GlobalSection(SolutionProperties) = preSolution
		HideSolutionNode = FALSE
	EndGlobalSection
	GlobalSection(ExtensibilityGlobals) = postSolution
		SolutionGuid = {7EDBF95F-EFF0-4876-97E6-AD3EEDA9961F}
	EndGlobalSection
EndGlobal
