
Microsoft Visual Studio Solution File, Format Version 12.00
# Visual Studio Version 16
VisualStudioVersion = 16.0.30503.244
MinimumVisualStudioVersion = 10.0.40219.1
Project("{9A19103F-16F7-4668-BE54-9A1E7A4F7556}") = "PatientAppointmentBilling", "PatientAppointmentBilling\PatientAppointmentBilling.csproj", "{62186DAF-D8E0-4885-AAD9-3004979311C0}"
EndProject
Project("{9A19103F-16F7-4668-BE54-9A1E7A4F7556}") = "AppBillDomainModel", "AppBillModel\AppBillDomainModel.csproj", "{66217534-F198-4B7B-BC98-BF3EA68EFB3B}"
EndProject
Project("{9A19103F-16F7-4668-BE54-9A1E7A4F7556}") = "AppBillingService", "AppBillingService\AppBillingService.csproj", "{D91A07DA-0249-4842-9395-5DA12F2D1593}"
EndProject
Project("{9A19103F-16F7-4668-BE54-9A1E7A4F7556}") = "AppCQRS", "AppCQRSModel\AppCQRS.csproj", "{AA392BB5-445A-46FA-93B6-5617AC1840FA}"
EndProject
Global
	GlobalSection(SolutionConfigurationPlatforms) = preSolution
		Debug|Any CPU = Debug|Any CPU
		Release|Any CPU = Release|Any CPU
	EndGlobalSection
	GlobalSection(ProjectConfigurationPlatforms) = postSolution
		{62186DAF-D8E0-4885-AAD9-3004979311C0}.Debug|Any CPU.ActiveCfg = Debug|Any CPU
		{62186DAF-D8E0-4885-AAD9-3004979311C0}.Debug|Any CPU.Build.0 = Debug|Any CPU
		{62186DAF-D8E0-4885-AAD9-3004979311C0}.Release|Any CPU.ActiveCfg = Release|Any CPU
		{62186DAF-D8E0-4885-AAD9-3004979311C0}.Release|Any CPU.Build.0 = Release|Any CPU
		{66217534-F198-4B7B-BC98-BF3EA68EFB3B}.Debug|Any CPU.ActiveCfg = Debug|Any CPU
		{66217534-F198-4B7B-BC98-BF3EA68EFB3B}.Debug|Any CPU.Build.0 = Debug|Any CPU
		{66217534-F198-4B7B-BC98-BF3EA68EFB3B}.Release|Any CPU.ActiveCfg = Release|Any CPU
		{66217534-F198-4B7B-BC98-BF3EA68EFB3B}.Release|Any CPU.Build.0 = Release|Any CPU
		{D91A07DA-0249-4842-9395-5DA12F2D1593}.Debug|Any CPU.ActiveCfg = Debug|Any CPU
		{D91A07DA-0249-4842-9395-5DA12F2D1593}.Debug|Any CPU.Build.0 = Debug|Any CPU
		{D91A07DA-0249-4842-9395-5DA12F2D1593}.Release|Any CPU.ActiveCfg = Release|Any CPU
		{D91A07DA-0249-4842-9395-5DA12F2D1593}.Release|Any CPU.Build.0 = Release|Any CPU
		{AA392BB5-445A-46FA-93B6-5617AC1840FA}.Debug|Any CPU.ActiveCfg = Debug|Any CPU
		{AA392BB5-445A-46FA-93B6-5617AC1840FA}.Debug|Any CPU.Build.0 = Debug|Any CPU
		{AA392BB5-445A-46FA-93B6-5617AC1840FA}.Release|Any CPU.ActiveCfg = Release|Any CPU
		{AA392BB5-445A-46FA-93B6-5617AC1840FA}.Release|Any CPU.Build.0 = Release|Any CPU
	EndGlobalSection
	GlobalSection(SolutionProperties) = preSolution
		HideSolutionNode = FALSE
	EndGlobalSection
	GlobalSection(ExtensibilityGlobals) = postSolution
		SolutionGuid = {6E79C7FA-F4ED-4DBA-B290-37CB0CAA854C}
	EndGlobalSection
EndGlobal
